
Microsoft Visual Studio Solution File, Format Version 12.00
# Visual Studio Version 16
VisualStudioVersion = 16.0.29613.14
MinimumVisualStudioVersion = 10.0.40219.1
Project("{9A19103F-16F7-4668-BE54-9A1E7A4F7556}") = "InterfaceCalculator", "InterfaceCalculator\InterfaceCalculator.csproj", "{55397613-6706-4A76-BE32-C0B94ED9A34E}"
EndProject
Project("{9A19103F-16F7-4668-BE54-9A1E7A4F7556}") = "InterfaceCalculatorTests", "InterfaceCalculatorTests\InterfaceCalculatorTests.csproj", "{DDBCF526-67B8-4D43-A129-040107572E9A}"
EndProject
Project("{9A19103F-16F7-4668-BE54-9A1E7A4F7556}") = "Helpers", "Helpers\Helpers.csproj", "{ABE887A4-11C4-460D-A8C9-7C339D4341F4}"
EndProject
Project("{9A19103F-16F7-4668-BE54-9A1E7A4F7556}") = "StatisticCalculator", "StatisticCalculator\StatisticCalculator.csproj", "{4C5C65E8-656A-425C-8032-70BEEFE753B6}"
EndProject
Project("{9A19103F-16F7-4668-BE54-9A1E7A4F7556}") = "MeanLogic", "AvgMean\MeanLogic.csproj", "{092FEF2B-21E9-493F-A200-75BF45E37296}"
EndProject
Project("{9A19103F-16F7-4668-BE54-9A1E7A4F7556}") = "StatisticCalculatorTests3", "StatisticCalculatorTests3\StatisticCalculatorTests3.csproj", "{4C79CF07-EC3A-44FA-B581-8637DBD2A144}"
EndProject
Project("{9A19103F-16F7-4668-BE54-9A1E7A4F7556}") = "VarianceLogic", "Variance\VarianceLogic.csproj", "{63C33E8F-9BDA-4045-B712-CF73ECBD55CB}"
EndProject
Project("{FAE04EC0-301F-11D3-BF4B-00C04F79EFBC}") = "StandardDev", "StandardDev\StandardDev.csproj", "{23E84EFA-5F45-4531-8393-7683E277B8A8}"
EndProject
Global
	GlobalSection(SolutionConfigurationPlatforms) = preSolution
		Debug|Any CPU = Debug|Any CPU
		Release|Any CPU = Release|Any CPU
	EndGlobalSection
	GlobalSection(ProjectConfigurationPlatforms) = postSolution
		{55397613-6706-4A76-BE32-C0B94ED9A34E}.Debug|Any CPU.ActiveCfg = Debug|Any CPU
		{55397613-6706-4A76-BE32-C0B94ED9A34E}.Debug|Any CPU.Build.0 = Debug|Any CPU
		{55397613-6706-4A76-BE32-C0B94ED9A34E}.Release|Any CPU.ActiveCfg = Release|Any CPU
		{55397613-6706-4A76-BE32-C0B94ED9A34E}.Release|Any CPU.Build.0 = Release|Any CPU
		{DDBCF526-67B8-4D43-A129-040107572E9A}.Debug|Any CPU.ActiveCfg = Debug|Any CPU
		{DDBCF526-67B8-4D43-A129-040107572E9A}.Debug|Any CPU.Build.0 = Debug|Any CPU
		{DDBCF526-67B8-4D43-A129-040107572E9A}.Release|Any CPU.ActiveCfg = Release|Any CPU
		{DDBCF526-67B8-4D43-A129-040107572E9A}.Release|Any CPU.Build.0 = Release|Any CPU
		{ABE887A4-11C4-460D-A8C9-7C339D4341F4}.Debug|Any CPU.ActiveCfg = Debug|Any CPU
		{ABE887A4-11C4-460D-A8C9-7C339D4341F4}.Debug|Any CPU.Build.0 = Debug|Any CPU
		{ABE887A4-11C4-460D-A8C9-7C339D4341F4}.Release|Any CPU.ActiveCfg = Release|Any CPU
		{ABE887A4-11C4-460D-A8C9-7C339D4341F4}.Release|Any CPU.Build.0 = Release|Any CPU
		{4C5C65E8-656A-425C-8032-70BEEFE753B6}.Debug|Any CPU.ActiveCfg = Debug|Any CPU
		{4C5C65E8-656A-425C-8032-70BEEFE753B6}.Debug|Any CPU.Build.0 = Debug|Any CPU
		{4C5C65E8-656A-425C-8032-70BEEFE753B6}.Release|Any CPU.ActiveCfg = Release|Any CPU
		{4C5C65E8-656A-425C-8032-70BEEFE753B6}.Release|Any CPU.Build.0 = Release|Any CPU
		{092FEF2B-21E9-493F-A200-75BF45E37296}.Debug|Any CPU.ActiveCfg = Debug|Any CPU
		{092FEF2B-21E9-493F-A200-75BF45E37296}.Debug|Any CPU.Build.0 = Debug|Any CPU
		{092FEF2B-21E9-493F-A200-75BF45E37296}.Release|Any CPU.ActiveCfg = Release|Any CPU
		{092FEF2B-21E9-493F-A200-75BF45E37296}.Release|Any CPU.Build.0 = Release|Any CPU
		{4C79CF07-EC3A-44FA-B581-8637DBD2A144}.Debug|Any CPU.ActiveCfg = Debug|Any CPU
		{4C79CF07-EC3A-44FA-B581-8637DBD2A144}.Debug|Any CPU.Build.0 = Debug|Any CPU
		{4C79CF07-EC3A-44FA-B581-8637DBD2A144}.Release|Any CPU.ActiveCfg = Release|Any CPU
		{4C79CF07-EC3A-44FA-B581-8637DBD2A144}.Release|Any CPU.Build.0 = Release|Any CPU
		{63C33E8F-9BDA-4045-B712-CF73ECBD55CB}.Debug|Any CPU.ActiveCfg = Debug|Any CPU
		{63C33E8F-9BDA-4045-B712-CF73ECBD55CB}.Debug|Any CPU.Build.0 = Debug|Any CPU
		{63C33E8F-9BDA-4045-B712-CF73ECBD55CB}.Release|Any CPU.ActiveCfg = Release|Any CPU
		{63C33E8F-9BDA-4045-B712-CF73ECBD55CB}.Release|Any CPU.Build.0 = Release|Any CPU
		{23E84EFA-5F45-4531-8393-7683E277B8A8}.Debug|Any CPU.ActiveCfg = Debug|Any CPU
		{23E84EFA-5F45-4531-8393-7683E277B8A8}.Debug|Any CPU.Build.0 = Debug|Any CPU
		{23E84EFA-5F45-4531-8393-7683E277B8A8}.Release|Any CPU.ActiveCfg = Release|Any CPU
		{23E84EFA-5F45-4531-8393-7683E277B8A8}.Release|Any CPU.Build.0 = Release|Any CPU
	EndGlobalSection
	GlobalSection(SolutionProperties) = preSolution
		HideSolutionNode = FALSE
	EndGlobalSection
	GlobalSection(ExtensibilityGlobals) = postSolution
		SolutionGuid = {F8D51588-4CBD-4345-AB25-4CDAE2B181CA}
	EndGlobalSection
EndGlobal
